
Microsoft Visual Studio Solution File, Format Version 12.00
# Visual Studio 14
VisualStudioVersion = 14.0.24720.0
MinimumVisualStudioVersion = 10.0.40219.1
Project("{8BC9CEB8-8B4A-11D0-8D11-00A0C91BC942}") = "练习1-03", "C练习\C练习.vcxproj", "{3A2651C0-E3AA-4804-94A3-999BAC3EFB13}"
EndProject
Project("{8BC9CEB8-8B4A-11D0-8D11-00A0C91BC942}") = "练习1-05", "练习1-5\练习1-5.vcxproj", "{FDFA52CA-E966-45DA-971B-8D6AC606F888}"
EndProject
Project("{8BC9CEB8-8B4A-11D0-8D11-00A0C91BC942}") = "练习1-06,7", "练习1-6\练习1-6.vcxproj", "{863296DC-36EA-426F-B8D3-AF41B06EAE64}"
EndProject
Project("{8BC9CEB8-8B4A-11D0-8D11-00A0C91BC942}") = "练习1-08", "练习1-8\练习1-8.vcxproj", "{BD059D63-BFF5-4281-8275-5E1DAAA885CC}"
EndProject
Project("{8BC9CEB8-8B4A-11D0-8D11-00A0C91BC942}") = "练习1-09", "练习1-9\练习1-9.vcxproj", "{2FB1AE86-BBE8-4ECB-94F6-5E7AF4F980CD}"
EndProject
Project("{8BC9CEB8-8B4A-11D0-8D11-00A0C91BC942}") = "练习1-10", "练习1-10\练习1-10.vcxproj", "{E1DEDBC7-53FB-4054-82F7-F360AA9E353D}"
EndProject
Project("{8BC9CEB8-8B4A-11D0-8D11-00A0C91BC942}") = "练习1-11", "练习11\练习11.vcxproj", "{6917E5F2-BC4B-48A7-8485-5461B3434D69}"
EndProject
Project("{8BC9CEB8-8B4A-11D0-8D11-00A0C91BC942}") = "练习1-12", "练习1-12\练习1-12.vcxproj", "{C8958D2F-9AD1-4085-8ACB-0811D54CA25A}"
EndProject
Project("{8BC9CEB8-8B4A-11D0-8D11-00A0C91BC942}") = "练习1-13", "练习1-13\练习1-13.vcxproj", "{42EC28D8-3B88-42A9-B478-60058D2B9EF1}"
EndProject
Global
	GlobalSection(SolutionConfigurationPlatforms) = preSolution
		Debug|x64 = Debug|x64
		Debug|x86 = Debug|x86
		Release|x64 = Release|x64
		Release|x86 = Release|x86
	EndGlobalSection
	GlobalSection(ProjectConfigurationPlatforms) = postSolution
		{3A2651C0-E3AA-4804-94A3-999BAC3EFB13}.Debug|x64.ActiveCfg = Debug|x64
		{3A2651C0-E3AA-4804-94A3-999BAC3EFB13}.Debug|x64.Build.0 = Debug|x64
		{3A2651C0-E3AA-4804-94A3-999BAC3EFB13}.Debug|x86.ActiveCfg = Debug|Win32
		{3A2651C0-E3AA-4804-94A3-999BAC3EFB13}.Debug|x86.Build.0 = Debug|Win32
		{3A2651C0-E3AA-4804-94A3-999BAC3EFB13}.Release|x64.ActiveCfg = Release|x64
		{3A2651C0-E3AA-4804-94A3-999BAC3EFB13}.Release|x64.Build.0 = Release|x64
		{3A2651C0-E3AA-4804-94A3-999BAC3EFB13}.Release|x86.ActiveCfg = Release|Win32
		{3A2651C0-E3AA-4804-94A3-999BAC3EFB13}.Release|x86.Build.0 = Release|Win32
		{FDFA52CA-E966-45DA-971B-8D6AC606F888}.Debug|x64.ActiveCfg = Debug|x64
		{FDFA52CA-E966-45DA-971B-8D6AC606F888}.Debug|x64.Build.0 = Debug|x64
		{FDFA52CA-E966-45DA-971B-8D6AC606F888}.Debug|x86.ActiveCfg = Debug|Win32
		{FDFA52CA-E966-45DA-971B-8D6AC606F888}.Debug|x86.Build.0 = Debug|Win32
		{FDFA52CA-E966-45DA-971B-8D6AC606F888}.Release|x64.ActiveCfg = Release|x64
		{FDFA52CA-E966-45DA-971B-8D6AC606F888}.Release|x64.Build.0 = Release|x64
		{FDFA52CA-E966-45DA-971B-8D6AC606F888}.Release|x86.ActiveCfg = Release|Win32
		{FDFA52CA-E966-45DA-971B-8D6AC606F888}.Release|x86.Build.0 = Release|Win32
		{863296DC-36EA-426F-B8D3-AF41B06EAE64}.Debug|x64.ActiveCfg = Debug|x64
		{863296DC-36EA-426F-B8D3-AF41B06EAE64}.Debug|x64.Build.0 = Debug|x64
		{863296DC-36EA-426F-B8D3-AF41B06EAE64}.Debug|x86.ActiveCfg = Debug|Win32
		{863296DC-36EA-426F-B8D3-AF41B06EAE64}.Debug|x86.Build.0 = Debug|Win32
		{863296DC-36EA-426F-B8D3-AF41B06EAE64}.Release|x64.ActiveCfg = Release|x64
		{863296DC-36EA-426F-B8D3-AF41B06EAE64}.Release|x64.Build.0 = Release|x64
		{863296DC-36EA-426F-B8D3-AF41B06EAE64}.Release|x86.ActiveCfg = Release|Win32
		{863296DC-36EA-426F-B8D3-AF41B06EAE64}.Release|x86.Build.0 = Release|Win32
		{BD059D63-BFF5-4281-8275-5E1DAAA885CC}.Debug|x64.ActiveCfg = Debug|x64
		{BD059D63-BFF5-4281-8275-5E1DAAA885CC}.Debug|x64.Build.0 = Debug|x64
		{BD059D63-BFF5-4281-8275-5E1DAAA885CC}.Debug|x86.ActiveCfg = Debug|Win32
		{BD059D63-BFF5-4281-8275-5E1DAAA885CC}.Debug|x86.Build.0 = Debug|Win32
		{BD059D63-BFF5-4281-8275-5E1DAAA885CC}.Release|x64.ActiveCfg = Release|x64
		{BD059D63-BFF5-4281-8275-5E1DAAA885CC}.Release|x64.Build.0 = Release|x64
		{BD059D63-BFF5-4281-8275-5E1DAAA885CC}.Release|x86.ActiveCfg = Release|Win32
		{BD059D63-BFF5-4281-8275-5E1DAAA885CC}.Release|x86.Build.0 = Release|Win32
		{2FB1AE86-BBE8-4ECB-94F6-5E7AF4F980CD}.Debug|x64.ActiveCfg = Debug|x64
		{2FB1AE86-BBE8-4ECB-94F6-5E7AF4F980CD}.Debug|x64.Build.0 = Debug|x64
		{2FB1AE86-BBE8-4ECB-94F6-5E7AF4F980CD}.Debug|x86.ActiveCfg = Debug|Win32
		{2FB1AE86-BBE8-4ECB-94F6-5E7AF4F980CD}.Debug|x86.Build.0 = Debug|Win32
		{2FB1AE86-BBE8-4ECB-94F6-5E7AF4F980CD}.Release|x64.ActiveCfg = Release|x64
		{2FB1AE86-BBE8-4ECB-94F6-5E7AF4F980CD}.Release|x64.Build.0 = Release|x64
		{2FB1AE86-BBE8-4ECB-94F6-5E7AF4F980CD}.Release|x86.ActiveCfg = Release|Win32
		{2FB1AE86-BBE8-4ECB-94F6-5E7AF4F980CD}.Release|x86.Build.0 = Release|Win32
		{E1DEDBC7-53FB-4054-82F7-F360AA9E353D}.Debug|x64.ActiveCfg = Debug|x64
		{E1DEDBC7-53FB-4054-82F7-F360AA9E353D}.Debug|x64.Build.0 = Debug|x64
		{E1DEDBC7-53FB-4054-82F7-F360AA9E353D}.Debug|x86.ActiveCfg = Debug|Win32
		{E1DEDBC7-53FB-4054-82F7-F360AA9E353D}.Debug|x86.Build.0 = Debug|Win32
		{E1DEDBC7-53FB-4054-82F7-F360AA9E353D}.Release|x64.ActiveCfg = Release|x64
		{E1DEDBC7-53FB-4054-82F7-F360AA9E353D}.Release|x64.Build.0 = Release|x64
		{E1DEDBC7-53FB-4054-82F7-F360AA9E353D}.Release|x86.ActiveCfg = Release|Win32
		{E1DEDBC7-53FB-4054-82F7-F360AA9E353D}.Release|x86.Build.0 = Release|Win32
		{6917E5F2-BC4B-48A7-8485-5461B3434D69}.Debug|x64.ActiveCfg = Debug|x64
		{6917E5F2-BC4B-48A7-8485-5461B3434D69}.Debug|x64.Build.0 = Debug|x64
		{6917E5F2-BC4B-48A7-8485-5461B3434D69}.Debug|x86.ActiveCfg = Debug|Win32
		{6917E5F2-BC4B-48A7-8485-5461B3434D69}.Debug|x86.Build.0 = Debug|Win32
		{6917E5F2-BC4B-48A7-8485-5461B3434D69}.Release|x64.ActiveCfg = Release|x64
		{6917E5F2-BC4B-48A7-8485-5461B3434D69}.Release|x64.Build.0 = Release|x64
		{6917E5F2-BC4B-48A7-8485-5461B3434D69}.Release|x86.ActiveCfg = Release|Win32
		{6917E5F2-BC4B-48A7-8485-5461B3434D69}.Release|x86.Build.0 = Release|Win32
		{C8958D2F-9AD1-4085-8ACB-0811D54CA25A}.Debug|x64.ActiveCfg = Debug|x64
		{C8958D2F-9AD1-4085-8ACB-0811D54CA25A}.Debug|x64.Build.0 = Debug|x64
		{C8958D2F-9AD1-4085-8ACB-0811D54CA25A}.Debug|x86.ActiveCfg = Debug|Win32
		{C8958D2F-9AD1-4085-8ACB-0811D54CA25A}.Debug|x86.Build.0 = Debug|Win32
		{C8958D2F-9AD1-4085-8ACB-0811D54CA25A}.Release|x64.ActiveCfg = Release|x64
		{C8958D2F-9AD1-4085-8ACB-0811D54CA25A}.Release|x64.Build.0 = Release|x64
		{C8958D2F-9AD1-4085-8ACB-0811D54CA25A}.Release|x86.ActiveCfg = Release|Win32
		{C8958D2F-9AD1-4085-8ACB-0811D54CA25A}.Release|x86.Build.0 = Release|Win32
		{42EC28D8-3B88-42A9-B478-60058D2B9EF1}.Debug|x64.ActiveCfg = Debug|x64
		{42EC28D8-3B88-42A9-B478-60058D2B9EF1}.Debug|x64.Build.0 = Debug|x64
		{42EC28D8-3B88-42A9-B478-60058D2B9EF1}.Debug|x86.ActiveCfg = Debug|Win32
		{42EC28D8-3B88-42A9-B478-60058D2B9EF1}.Debug|x86.Build.0 = Debug|Win32
		{42EC28D8-3B88-42A9-B478-60058D2B9EF1}.Release|x64.ActiveCfg = Release|x64
		{42EC28D8-3B88-42A9-B478-60058D2B9EF1}.Release|x64.Build.0 = Release|x64
		{42EC28D8-3B88-42A9-B478-60058D2B9EF1}.Release|x86.ActiveCfg = Release|Win32
		{42EC28D8-3B88-42A9-B478-60058D2B9EF1}.Release|x86.Build.0 = Release|Win32
	EndGlobalSection
	GlobalSection(SolutionProperties) = preSolution
		HideSolutionNode = FALSE
	EndGlobalSection
EndGlobal
